
Microsoft Visual Studio Solution File, Format Version 12.00
# Visual Studio Version 17
VisualStudioVersion = 17.11.35222.181
MinimumVisualStudioVersion = 10.0.40219.1
Project("{FAE04EC0-301F-11D3-BF4B-00C04F79EFBC}") = "Demo_w01a", "Demo01\Demo_w01a.csproj", "{0BF4E2AF-E476-4933-8557-E8A995CFFC99}"
EndProject
Project("{FAE04EC0-301F-11D3-BF4B-00C04F79EFBC}") = "Demo_w02a", "Demo_w02a\Demo_w02a.csproj", "{B003BE6D-388E-43B8-BD30-78BC3BD69671}"
EndProject
Project("{FAE04EC0-301F-11D3-BF4B-00C04F79EFBC}") = "Demo_w02b_ThemedMonths", "Demo_w02b_ThemedMonths\Demo_w02b_ThemedMonths.csproj", "{7A70D0F3-067C-4E68-A42F-150424031132}"
EndProject
Project("{FAE04EC0-301F-11D3-BF4B-00C04F79EFBC}") = "Demo_w02c_ColorPicker", "Demo_w02c_ColorPicker\Demo_w02c_ColorPicker.csproj", "{E65B2002-46C6-47EB-B626-B039F5B684E4}"
EndProject
Global
	GlobalSection(SolutionConfigurationPlatforms) = preSolution
		Debug|Any CPU = Debug|Any CPU
		Release|Any CPU = Release|Any CPU
	EndGlobalSection
	GlobalSection(ProjectConfigurationPlatforms) = postSolution
		{0BF4E2AF-E476-4933-8557-E8A995CFFC99}.Debug|Any CPU.ActiveCfg = Debug|Any CPU
		{0BF4E2AF-E476-4933-8557-E8A995CFFC99}.Debug|Any CPU.Build.0 = Debug|Any CPU
		{0BF4E2AF-E476-4933-8557-E8A995CFFC99}.Release|Any CPU.ActiveCfg = Release|Any CPU
		{0BF4E2AF-E476-4933-8557-E8A995CFFC99}.Release|Any CPU.Build.0 = Release|Any CPU
		{B003BE6D-388E-43B8-BD30-78BC3BD69671}.Debug|Any CPU.ActiveCfg = Debug|Any CPU
		{B003BE6D-388E-43B8-BD30-78BC3BD69671}.Debug|Any CPU.Build.0 = Debug|Any CPU
		{B003BE6D-388E-43B8-BD30-78BC3BD69671}.Release|Any CPU.ActiveCfg = Release|Any CPU
		{B003BE6D-388E-43B8-BD30-78BC3BD69671}.Release|Any CPU.Build.0 = Release|Any CPU
		{7A70D0F3-067C-4E68-A42F-150424031132}.Debug|Any CPU.ActiveCfg = Debug|Any CPU
		{7A70D0F3-067C-4E68-A42F-150424031132}.Debug|Any CPU.Build.0 = Debug|Any CPU
		{7A70D0F3-067C-4E68-A42F-150424031132}.Release|Any CPU.ActiveCfg = Release|Any CPU
		{7A70D0F3-067C-4E68-A42F-150424031132}.Release|Any CPU.Build.0 = Release|Any CPU
		{E65B2002-46C6-47EB-B626-B039F5B684E4}.Debug|Any CPU.ActiveCfg = Debug|Any CPU
		{E65B2002-46C6-47EB-B626-B039F5B684E4}.Debug|Any CPU.Build.0 = Debug|Any CPU
		{E65B2002-46C6-47EB-B626-B039F5B684E4}.Release|Any CPU.ActiveCfg = Release|Any CPU
		{E65B2002-46C6-47EB-B626-B039F5B684E4}.Release|Any CPU.Build.0 = Release|Any CPU
	EndGlobalSection
	GlobalSection(SolutionProperties) = preSolution
		HideSolutionNode = FALSE
	EndGlobalSection
	GlobalSection(ExtensibilityGlobals) = postSolution
		SolutionGuid = {89D9F91B-A0B5-4BEB-B04D-C3A1240C8AB5}
	EndGlobalSection
EndGlobal
